
Microsoft Visual Studio Solution File, Format Version 12.00
# Visual Studio Version 17
VisualStudioVersion = 17.2.32516.85
MinimumVisualStudioVersion = 10.0.40219.1
Project("{9A19103F-16F7-4668-BE54-9A1E7A4F7556}") = "ApimUnit", "ApimUnit\ApimUnit.csproj", "{9E4E1129-0E0A-490F-81B9-1FCA91D83F60}"
EndProject
Project("{FAE04EC0-301F-11D3-BF4B-00C04F79EFBC}") = "ApimUnit.Tests", "ApimUnit.Tests\ApimUnit.Tests.csproj", "{CDC3521C-B5F5-4D17-926C-D76B118F0338}"
EndProject
Global
	GlobalSection(SolutionConfigurationPlatforms) = preSolution
		Debug|Any CPU = Debug|Any CPU
		Release|Any CPU = Release|Any CPU
	EndGlobalSection
	GlobalSection(ProjectConfigurationPlatforms) = postSolution
		{9E4E1129-0E0A-490F-81B9-1FCA91D83F60}.Debug|Any CPU.ActiveCfg = Debug|Any CPU
		{9E4E1129-0E0A-490F-81B9-1FCA91D83F60}.Debug|Any CPU.Build.0 = Debug|Any CPU
		{9E4E1129-0E0A-490F-81B9-1FCA91D83F60}.Release|Any CPU.ActiveCfg = Release|Any CPU
		{9E4E1129-0E0A-490F-81B9-1FCA91D83F60}.Release|Any CPU.Build.0 = Release|Any CPU
		{CDC3521C-B5F5-4D17-926C-D76B118F0338}.Debug|Any CPU.ActiveCfg = Debug|Any CPU
		{CDC3521C-B5F5-4D17-926C-D76B118F0338}.Debug|Any CPU.Build.0 = Debug|Any CPU
		{CDC3521C-B5F5-4D17-926C-D76B118F0338}.Release|Any CPU.ActiveCfg = Release|Any CPU
		{CDC3521C-B5F5-4D17-926C-D76B118F0338}.Release|Any CPU.Build.0 = Release|Any CPU
	EndGlobalSection
	GlobalSection(SolutionProperties) = preSolution
		HideSolutionNode = FALSE
	EndGlobalSection
	GlobalSection(ExtensibilityGlobals) = postSolution
		SolutionGuid = {C2546268-B86B-4016-AFE2-3E6C6E73B918}
	EndGlobalSection
EndGlobal
